
Microsoft Visual Studio Solution File, Format Version 12.00
# Visual Studio Version 17
VisualStudioVersion = 17.1.32328.378
MinimumVisualStudioVersion = 10.0.40219.1
Project("{FAE04EC0-301F-11D3-BF4B-00C04F79EFBC}") = "Documental2", "Documental2\Documental2.csproj", "{0723D312-1588-41BF-8850-442D508AD501}"
EndProject
Global
	GlobalSection(SolutionConfigurationPlatforms) = preSolution
		Debug|Any CPU = Debug|Any CPU
		Release|Any CPU = Release|Any CPU
	EndGlobalSection
	GlobalSection(ProjectConfigurationPlatforms) = postSolution
		{0723D312-1588-41BF-8850-442D508AD501}.Debug|Any CPU.ActiveCfg = Debug|Any CPU
		{0723D312-1588-41BF-8850-442D508AD501}.Debug|Any CPU.Build.0 = Debug|Any CPU
		{0723D312-1588-41BF-8850-442D508AD501}.Release|Any CPU.ActiveCfg = Release|Any CPU
		{0723D312-1588-41BF-8850-442D508AD501}.Release|Any CPU.Build.0 = Release|Any CPU
	EndGlobalSection
	GlobalSection(SolutionProperties) = preSolution
		HideSolutionNode = FALSE
	EndGlobalSection
	GlobalSection(ExtensibilityGlobals) = postSolution
		SolutionGuid = {3CD2A1E9-3E0F-43A2-B8B9-BFB6CE89CA98}
	EndGlobalSection
EndGlobal
